// !$*UTF8*$!
{
	archiveVersion = 1;
	classes = {
	};
	objectVersion = 55;
	objects = {

/* Begin PBXBuildFile section */
		1E13451D28D81F4F0058A97B /* CircleImage.swift in Sources */ = {isa = PBXBuildFile; fileRef = 1E13451C28D81F4F0058A97B /* CircleImage.swift */; };
		1E13451F28D823950058A97B /* MapView.swift in Sources */ = {isa = PBXBuildFile; fileRef = 1E13451E28D823950058A97B /* MapView.swift */; };
		1E13452128D82AE20058A97B /* landmarkData.json in Resources */ = {isa = PBXBuildFile; fileRef = 1E13452028D82AE20058A97B /* landmarkData.json */; };
		1E13452328D82AFB0058A97B /* Landmark.swift in Sources */ = {isa = PBXBuildFile; fileRef = 1E13452228D82AFB0058A97B /* Landmark.swift */; };
		1E13452528D82DBA0058A97B /* ModelData.swift in Sources */ = {isa = PBXBuildFile; fileRef = 1E13452428D82DBA0058A97B /* ModelData.swift */; };
		1E13452C28D8365C0058A97B /* LandmarkRow.swift in Sources */ = {isa = PBXBuildFile; fileRef = 1E13452B28D8365C0058A97B /* LandmarkRow.swift */; };
		1E13452E28D83BFC0058A97B /* LandmarkList.swift in Sources */ = {isa = PBXBuildFile; fileRef = 1E13452D28D83BFC0058A97B /* LandmarkList.swift */; };
		1E13453028D83F1D0058A97B /* LandmarkDetail.swift in Sources */ = {isa = PBXBuildFile; fileRef = 1E13452F28D83F1D0058A97B /* LandmarkDetail.swift */; };
		1E13453228D853D60058A97B /* FavoriteButton.swift in Sources */ = {isa = PBXBuildFile; fileRef = 1E13453128D853D60058A97B /* FavoriteButton.swift */; };
		1E13453628DAD5450058A97B /* HexagonParameters.swift in Sources */ = {isa = PBXBuildFile; fileRef = 1E13453528DAD5450058A97B /* HexagonParameters.swift */; };
		1E13453828DAE5220058A97B /* BadgeBackground.swift in Sources */ = {isa = PBXBuildFile; fileRef = 1E13453728DAE5220058A97B /* BadgeBackground.swift */; };
		1E13453A28DAFB410058A97B /* BadgeSymbol.swift in Sources */ = {isa = PBXBuildFile; fileRef = 1E13453928DAFB410058A97B /* BadgeSymbol.swift */; };
		1E13453C28DAFC260058A97B /* RotatedBadgeSymbol.swift in Sources */ = {isa = PBXBuildFile; fileRef = 1E13453B28DAFC260058A97B /* RotatedBadgeSymbol.swift */; };
		1E13453E28DAFCA20058A97B /* Badge.swift in Sources */ = {isa = PBXBuildFile; fileRef = 1E13453D28DAFCA20058A97B /* Badge.swift */; };
		1E13454128DC2B7A0058A97B /* hikeData.json in Resources */ = {isa = PBXBuildFile; fileRef = 1E13454028DC2B7A0058A97B /* hikeData.json */; };
		1E13454328DC2B8E0058A97B /* Hike.swift in Sources */ = {isa = PBXBuildFile; fileRef = 1E13454228DC2B8E0058A97B /* Hike.swift */; };
		1E13454928DC2D5B0058A97B /* GraphCapsule.swift in Sources */ = {isa = PBXBuildFile; fileRef = 1E13454528DC2D5B0058A97B /* GraphCapsule.swift */; };
		1E13454A28DC2D5B0058A97B /* HikeGraph.swift in Sources */ = {isa = PBXBuildFile; fileRef = 1E13454628DC2D5B0058A97B /* HikeGraph.swift */; };
		1E13454B28DC2D5B0058A97B /* HikeDetail.swift in Sources */ = {isa = PBXBuildFile; fileRef = 1E13454728DC2D5B0058A97B /* HikeDetail.swift */; };
		1E13454C28DC2D5B0058A97B /* HikeView.swift in Sources */ = {isa = PBXBuildFile; fileRef = 1E13454828DC2D5B0058A97B /* HikeView.swift */; };
		1E13454E28DC46B60058A97B /* CategoryHome.swift in Sources */ = {isa = PBXBuildFile; fileRef = 1E13454D28DC46B60058A97B /* CategoryHome.swift */; };
		1E13455128DC4C5C0058A97B /* CategoryRow.swift in Sources */ = {isa = PBXBuildFile; fileRef = 1E13455028DC4C5C0058A97B /* CategoryRow.swift */; };
		1E13455328DC4E350058A97B /* CategoryItem.swift in Sources */ = {isa = PBXBuildFile; fileRef = 1E13455228DC4E350058A97B /* CategoryItem.swift */; };
		1E13455528DD9C2F0058A97B /* Profile.swift in Sources */ = {isa = PBXBuildFile; fileRef = 1E13455428DD9C2F0058A97B /* Profile.swift */; };
		1E13455828DD9D310058A97B /* ProfileHost.swift in Sources */ = {isa = PBXBuildFile; fileRef = 1E13455728DD9D310058A97B /* ProfileHost.swift */; };
		1E13455A28DD9E570058A97B /* ProfileSummary.swift in Sources */ = {isa = PBXBuildFile; fileRef = 1E13455928DD9E570058A97B /* ProfileSummary.swift */; };
		1E13455C28DD9F0A0058A97B /* HikeBadge.swift in Sources */ = {isa = PBXBuildFile; fileRef = 1E13455B28DD9F0A0058A97B /* HikeBadge.swift */; };
		1E13455E28DDA77A0058A97B /* ProfileEditor.swift in Sources */ = {isa = PBXBuildFile; fileRef = 1E13455D28DDA77A0058A97B /* ProfileEditor.swift */; };
		1E13456128E147050058A97B /* PageViewController.swift in Sources */ = {isa = PBXBuildFile; fileRef = 1E13456028E147050058A97B /* PageViewController.swift */; };
		1E13456328E148F40058A97B /* FeatureCard.swift in Sources */ = {isa = PBXBuildFile; fileRef = 1E13456228E148F40058A97B /* FeatureCard.swift */; };
		1E13456528E14D980058A97B /* PageView.swift in Sources */ = {isa = PBXBuildFile; fileRef = 1E13456428E14D980058A97B /* PageView.swift */; };
		1E13456928E16ECE0058A97B /* PageControl.swift in Sources */ = {isa = PBXBuildFile; fileRef = 1E13456828E16ECE0058A97B /* PageControl.swift */; };
		1E9926BC28D4453D0006218C /* SwiftUITutorialsApp.swift in Sources */ = {isa = PBXBuildFile; fileRef = 1E9926BB28D4453D0006218C /* SwiftUITutorialsApp.swift */; };
		1E9926BE28D4453D0006218C /* ContentView.swift in Sources */ = {isa = PBXBuildFile; fileRef = 1E9926BD28D4453D0006218C /* ContentView.swift */; };
		1E9926C028D4453F0006218C /* Assets.xcassets in Resources */ = {isa = PBXBuildFile; fileRef = 1E9926BF28D4453F0006218C /* Assets.xcassets */; };
		1E9926C328D4453F0006218C /* Preview Assets.xcassets in Resources */ = {isa = PBXBuildFile; fileRef = 1E9926C228D4453F0006218C /* Preview Assets.xcassets */; };
/* End PBXBuildFile section */

/* Begin PBXFileReference section */
		1E13451C28D81F4F0058A97B /* CircleImage.swift */ = {isa = PBXFileReference; lastKnownFileType = sourcecode.swift; path = CircleImage.swift; sourceTree = "<group>"; };
		1E13451E28D823950058A97B /* MapView.swift */ = {isa = PBXFileReference; lastKnownFileType = sourcecode.swift; path = MapView.swift; sourceTree = "<group>"; };
		1E13452028D82AE20058A97B /* landmarkData.json */ = {isa = PBXFileReference; fileEncoding = 4; lastKnownFileType = text.json; path = landmarkData.json; sourceTree = "<group>"; };
		1E13452228D82AFB0058A97B /* Landmark.swift */ = {isa = PBXFileReference; lastKnownFileType = sourcecode.swift; path = Landmark.swift; sourceTree = "<group>"; };
		1E13452428D82DBA0058A97B /* ModelData.swift */ = {isa = PBXFileReference; lastKnownFileType = sourcecode.swift; path = ModelData.swift; sourceTree = "<group>"; };
		1E13452B28D8365C0058A97B /* LandmarkRow.swift */ = {isa = PBXFileReference; lastKnownFileType = sourcecode.swift; path = LandmarkRow.swift; sourceTree = "<group>"; };
		1E13452D28D83BFC0058A97B /* LandmarkList.swift */ = {isa = PBXFileReference; lastKnownFileType = sourcecode.swift; path = LandmarkList.swift; sourceTree = "<group>"; };
		1E13452F28D83F1D0058A97B /* LandmarkDetail.swift */ = {isa = PBXFileReference; lastKnownFileType = sourcecode.swift; path = LandmarkDetail.swift; sourceTree = "<group>"; };
		1E13453128D853D60058A97B /* FavoriteButton.swift */ = {isa = PBXFileReference; lastKnownFileType = sourcecode.swift; path = FavoriteButton.swift; sourceTree = "<group>"; };
		1E13453528DAD5450058A97B /* HexagonParameters.swift */ = {isa = PBXFileReference; lastKnownFileType = sourcecode.swift; path = HexagonParameters.swift; sourceTree = "<group>"; };
		1E13453728DAE5220058A97B /* BadgeBackground.swift */ = {isa = PBXFileReference; lastKnownFileType = sourcecode.swift; path = BadgeBackground.swift; sourceTree = "<group>"; };
		1E13453928DAFB410058A97B /* BadgeSymbol.swift */ = {isa = PBXFileReference; lastKnownFileType = sourcecode.swift; path = BadgeSymbol.swift; sourceTree = "<group>"; };
		1E13453B28DAFC260058A97B /* RotatedBadgeSymbol.swift */ = {isa = PBXFileReference; lastKnownFileType = sourcecode.swift; path = RotatedBadgeSymbol.swift; sourceTree = "<group>"; };
		1E13453D28DAFCA20058A97B /* Badge.swift */ = {isa = PBXFileReference; lastKnownFileType = sourcecode.swift; path = Badge.swift; sourceTree = "<group>"; };
		1E13454028DC2B7A0058A97B /* hikeData.json */ = {isa = PBXFileReference; fileEncoding = 4; lastKnownFileType = text.json; path = hikeData.json; sourceTree = "<group>"; };
		1E13454228DC2B8E0058A97B /* Hike.swift */ = {isa = PBXFileReference; lastKnownFileType = sourcecode.swift; path = Hike.swift; sourceTree = "<group>"; };
		1E13454528DC2D5B0058A97B /* GraphCapsule.swift */ = {isa = PBXFileReference; fileEncoding = 4; lastKnownFileType = sourcecode.swift; path = GraphCapsule.swift; sourceTree = "<group>"; };
		1E13454628DC2D5B0058A97B /* HikeGraph.swift */ = {isa = PBXFileReference; fileEncoding = 4; lastKnownFileType = sourcecode.swift; path = HikeGraph.swift; sourceTree = "<group>"; };
		1E13454728DC2D5B0058A97B /* HikeDetail.swift */ = {isa = PBXFileReference; fileEncoding = 4; lastKnownFileType = sourcecode.swift; path = HikeDetail.swift; sourceTree = "<group>"; };
		1E13454828DC2D5B0058A97B /* HikeView.swift */ = {isa = PBXFileReference; fileEncoding = 4; lastKnownFileType = sourcecode.swift; path = HikeView.swift; sourceTree = "<group>"; };
		1E13454D28DC46B60058A97B /* CategoryHome.swift */ = {isa = PBXFileReference; lastKnownFileType = sourcecode.swift; path = CategoryHome.swift; sourceTree = "<group>"; };
		1E13455028DC4C5C0058A97B /* CategoryRow.swift */ = {isa = PBXFileReference; lastKnownFileType = sourcecode.swift; path = CategoryRow.swift; sourceTree = "<group>"; };
		1E13455228DC4E350058A97B /* CategoryItem.swift */ = {isa = PBXFileReference; lastKnownFileType = sourcecode.swift; path = CategoryItem.swift; sourceTree = "<group>"; };
		1E13455428DD9C2F0058A97B /* Profile.swift */ = {isa = PBXFileReference; lastKnownFileType = sourcecode.swift; path = Profile.swift; sourceTree = "<group>"; };
		1E13455728DD9D310058A97B /* ProfileHost.swift */ = {isa = PBXFileReference; lastKnownFileType = sourcecode.swift; path = ProfileHost.swift; sourceTree = "<group>"; };
		1E13455928DD9E570058A97B /* ProfileSummary.swift */ = {isa = PBXFileReference; lastKnownFileType = sourcecode.swift; path = ProfileSummary.swift; sourceTree = "<group>"; };
		1E13455B28DD9F0A0058A97B /* HikeBadge.swift */ = {isa = PBXFileReference; lastKnownFileType = sourcecode.swift; path = HikeBadge.swift; sourceTree = "<group>"; };
		1E13455D28DDA77A0058A97B /* ProfileEditor.swift */ = {isa = PBXFileReference; lastKnownFileType = sourcecode.swift; path = ProfileEditor.swift; sourceTree = "<group>"; };
		1E13456028E147050058A97B /* PageViewController.swift */ = {isa = PBXFileReference; lastKnownFileType = sourcecode.swift; path = PageViewController.swift; sourceTree = "<group>"; };
		1E13456228E148F40058A97B /* FeatureCard.swift */ = {isa = PBXFileReference; lastKnownFileType = sourcecode.swift; path = FeatureCard.swift; sourceTree = "<group>"; };
		1E13456428E14D980058A97B /* PageView.swift */ = {isa = PBXFileReference; lastKnownFileType = sourcecode.swift; path = PageView.swift; sourceTree = "<group>"; };
		1E13456828E16ECE0058A97B /* PageControl.swift */ = {isa = PBXFileReference; lastKnownFileType = sourcecode.swift; path = PageControl.swift; sourceTree = "<group>"; };
		1E9926B828D4453D0006218C /* SwiftUITutorials.app */ = {isa = PBXFileReference; explicitFileType = wrapper.application; includeInIndex = 0; path = SwiftUITutorials.app; sourceTree = BUILT_PRODUCTS_DIR; };
		1E9926BB28D4453D0006218C /* SwiftUITutorialsApp.swift */ = {isa = PBXFileReference; lastKnownFileType = sourcecode.swift; path = SwiftUITutorialsApp.swift; sourceTree = "<group>"; };
		1E9926BD28D4453D0006218C /* ContentView.swift */ = {isa = PBXFileReference; lastKnownFileType = sourcecode.swift; path = ContentView.swift; sourceTree = "<group>"; };
		1E9926BF28D4453F0006218C /* Assets.xcassets */ = {isa = PBXFileReference; lastKnownFileType = folder.assetcatalog; path = Assets.xcassets; sourceTree = "<group>"; };
		1E9926C228D4453F0006218C /* Preview Assets.xcassets */ = {isa = PBXFileReference; lastKnownFileType = folder.assetcatalog; path = "Preview Assets.xcassets"; sourceTree = "<group>"; };
/* End PBXFileReference section */

/* Begin PBXFrameworksBuildPhase section */
		1E9926B528D4453D0006218C /* Frameworks */ = {
			isa = PBXFrameworksBuildPhase;
			buildActionMask = 2147483647;
			files = (
			);
			runOnlyForDeploymentPostprocessing = 0;
		};
/* End PBXFrameworksBuildPhase section */

/* Begin PBXGroup section */
		1E13452628D82F090058A97B /* Views */ = {
			isa = PBXGroup;
			children = (
				1E13455F28E146D90058A97B /* PageView */,
				1E9926BD28D4453D0006218C /* ContentView.swift */,
				1E13455628DD9D1F0058A97B /* Profile */,
				1E13454F28DC4C4B0058A97B /* Caregory */,
				1E13454428DC2D5B0058A97B /* Hikes */,
				1E13453F28DAFE090058A97B /* Badges */,
				1E13453328D854910058A97B /* Landmarks */,
				1E13453428D8549F0058A97B /* Helpers */,
			);
			path = Views;
			sourceTree = "<group>";
		};
		1E13452728D82F100058A97B /* Model */ = {
			isa = PBXGroup;
			children = (
				1E13452228D82AFB0058A97B /* Landmark.swift */,
				1E13452428D82DBA0058A97B /* ModelData.swift */,
				1E13454228DC2B8E0058A97B /* Hike.swift */,
				1E13455428DD9C2F0058A97B /* Profile.swift */,
			);
			path = Model;
			sourceTree = "<group>";
		};
		1E13452828D82F170058A97B /* Resources */ = {
			isa = PBXGroup;
			children = (
				1E13452028D82AE20058A97B /* landmarkData.json */,
				1E13454028DC2B7A0058A97B /* hikeData.json */,
			);
			path = Resources;
			sourceTree = "<group>";
		};
		1E13453328D854910058A97B /* Landmarks */ = {
			isa = PBXGroup;
			children = (
				1E13452B28D8365C0058A97B /* LandmarkRow.swift */,
				1E13452D28D83BFC0058A97B /* LandmarkList.swift */,
				1E13452F28D83F1D0058A97B /* LandmarkDetail.swift */,
				1E13456228E148F40058A97B /* FeatureCard.swift */,
			);
			path = Landmarks;
			sourceTree = "<group>";
		};
		1E13453428D8549F0058A97B /* Helpers */ = {
			isa = PBXGroup;
			children = (
				1E13451C28D81F4F0058A97B /* CircleImage.swift */,
				1E13451E28D823950058A97B /* MapView.swift */,
				1E13453128D853D60058A97B /* FavoriteButton.swift */,
			);
			path = Helpers;
			sourceTree = "<group>";
		};
		1E13453F28DAFE090058A97B /* Badges */ = {
			isa = PBXGroup;
			children = (
				1E13453528DAD5450058A97B /* HexagonParameters.swift */,
				1E13453728DAE5220058A97B /* BadgeBackground.swift */,
				1E13453928DAFB410058A97B /* BadgeSymbol.swift */,
				1E13453B28DAFC260058A97B /* RotatedBadgeSymbol.swift */,
				1E13453D28DAFCA20058A97B /* Badge.swift */,
			);
			path = Badges;
			sourceTree = "<group>";
		};
		1E13454428DC2D5B0058A97B /* Hikes */ = {
			isa = PBXGroup;
			children = (
				1E13454528DC2D5B0058A97B /* GraphCapsule.swift */,
				1E13454628DC2D5B0058A97B /* HikeGraph.swift */,
				1E13454728DC2D5B0058A97B /* HikeDetail.swift */,
				1E13454828DC2D5B0058A97B /* HikeView.swift */,
				1E13455B28DD9F0A0058A97B /* HikeBadge.swift */,
			);
			path = Hikes;
			sourceTree = "<group>";
		};
		1E13454F28DC4C4B0058A97B /* Caregory */ = {
			isa = PBXGroup;
			children = (
				1E13454D28DC46B60058A97B /* CategoryHome.swift */,
				1E13455028DC4C5C0058A97B /* CategoryRow.swift */,
				1E13455228DC4E350058A97B /* CategoryItem.swift */,
			);
			path = Caregory;
			sourceTree = "<group>";
		};
		1E13455628DD9D1F0058A97B /* Profile */ = {
			isa = PBXGroup;
			children = (
				1E13455728DD9D310058A97B /* ProfileHost.swift */,
				1E13455928DD9E570058A97B /* ProfileSummary.swift */,
				1E13455D28DDA77A0058A97B /* ProfileEditor.swift */,
			);
			path = Profile;
			sourceTree = "<group>";
		};
		1E13455F28E146D90058A97B /* PageView */ = {
			isa = PBXGroup;
			children = (
				1E13456028E147050058A97B /* PageViewController.swift */,
				1E13456828E16ECE0058A97B /* PageControl.swift */,
				1E13456428E14D980058A97B /* PageView.swift */,
			);
			path = PageView;
			sourceTree = "<group>";
		};
		1E9926AF28D4453D0006218C = {
			isa = PBXGroup;
			children = (
				1E9926BA28D4453D0006218C /* SwiftUITutorials */,
				1E9926B928D4453D0006218C /* Products */,
			);
			sourceTree = "<group>";
		};
		1E9926B928D4453D0006218C /* Products */ = {
			isa = PBXGroup;
			children = (
				1E9926B828D4453D0006218C /* SwiftUITutorials.app */,
			);
			name = Products;
			sourceTree = "<group>";
		};
		1E9926BA28D4453D0006218C /* SwiftUITutorials */ = {
			isa = PBXGroup;
			children = (
				1E13452828D82F170058A97B /* Resources */,
				1E13452728D82F100058A97B /* Model */,
				1E13452628D82F090058A97B /* Views */,
				1E9926BB28D4453D0006218C /* SwiftUITutorialsApp.swift */,
				1E9926BF28D4453F0006218C /* Assets.xcassets */,
				1E9926C128D4453F0006218C /* Preview Content */,
			);
			path = SwiftUITutorials;
			sourceTree = "<group>";
		};
		1E9926C128D4453F0006218C /* Preview Content */ = {
			isa = PBXGroup;
			children = (
				1E9926C228D4453F0006218C /* Preview Assets.xcassets */,
			);
			path = "Preview Content";
			sourceTree = "<group>";
		};
/* End PBXGroup section */

/* Begin PBXNativeTarget section */
		1E9926B728D4453D0006218C /* SwiftUITutorials */ = {
			isa = PBXNativeTarget;
			buildConfigurationList = 1E9926C628D4453F0006218C /* Build configuration list for PBXNativeTarget "SwiftUITutorials" */;
			buildPhases = (
				1E9926B428D4453D0006218C /* Sources */,
				1E9926B528D4453D0006218C /* Frameworks */,
				1E9926B628D4453D0006218C /* Resources */,
			);
			buildRules = (
			);
			dependencies = (
			);
			name = SwiftUITutorials;
			productName = SwiftUITutorials;
			productReference = 1E9926B828D4453D0006218C /* SwiftUITutorials.app */;
			productType = "com.apple.product-type.application";
		};
/* End PBXNativeTarget section */

/* Begin PBXProject section */
		1E9926B028D4453D0006218C /* Project object */ = {
			isa = PBXProject;
			attributes = {
				BuildIndependentTargetsInParallel = 1;
				LastSwiftUpdateCheck = 1300;
				LastUpgradeCheck = 1300;
				TargetAttributes = {
					1E9926B728D4453D0006218C = {
						CreatedOnToolsVersion = 13.0;
					};
				};
			};
			buildConfigurationList = 1E9926B328D4453D0006218C /* Build configuration list for PBXProject "SwiftUITutorials" */;
			compatibilityVersion = "Xcode 13.0";
			developmentRegion = en;
			hasScannedForEncodings = 0;
			knownRegions = (
				en,
				Base,
			);
			mainGroup = 1E9926AF28D4453D0006218C;
			productRefGroup = 1E9926B928D4453D0006218C /* Products */;
			projectDirPath = "";
			projectRoot = "";
			targets = (
				1E9926B728D4453D0006218C /* SwiftUITutorials */,
			);
		};
/* End PBXProject section */

/* Begin PBXResourcesBuildPhase section */
		1E9926B628D4453D0006218C /* Resources */ = {
			isa = PBXResourcesBuildPhase;
			buildActionMask = 2147483647;
			files = (
				1E13454128DC2B7A0058A97B /* hikeData.json in Resources */,
				1E9926C328D4453F0006218C /* Preview Assets.xcassets in Resources */,
				1E9926C028D4453F0006218C /* Assets.xcassets in Resources */,
				1E13452128D82AE20058A97B /* landmarkData.json in Resources */,
			);
			runOnlyForDeploymentPostprocessing = 0;
		};
/* End PBXResourcesBuildPhase section */

/* Begin PBXSourcesBuildPhase section */
		1E9926B428D4453D0006218C /* Sources */ = {
			isa = PBXSourcesBuildPhase;
			buildActionMask = 2147483647;
			files = (
				1E13455128DC4C5C0058A97B /* CategoryRow.swift in Sources */,
				1E13455528DD9C2F0058A97B /* Profile.swift in Sources */,
				1E9926BE28D4453D0006218C /* ContentView.swift in Sources */,
				1E13454E28DC46B60058A97B /* CategoryHome.swift in Sources */,
				1E13456328E148F40058A97B /* FeatureCard.swift in Sources */,
				1E13454A28DC2D5B0058A97B /* HikeGraph.swift in Sources */,
				1E13453E28DAFCA20058A97B /* Badge.swift in Sources */,
				1E13451F28D823950058A97B /* MapView.swift in Sources */,
				1E13454928DC2D5B0058A97B /* GraphCapsule.swift in Sources */,
				1E9926BC28D4453D0006218C /* SwiftUITutorialsApp.swift in Sources */,
				1E13456928E16ECE0058A97B /* PageControl.swift in Sources */,
				1E13453228D853D60058A97B /* FavoriteButton.swift in Sources */,
				1E13455328DC4E350058A97B /* CategoryItem.swift in Sources */,
				1E13454B28DC2D5B0058A97B /* HikeDetail.swift in Sources */,
				1E13455A28DD9E570058A97B /* ProfileSummary.swift in Sources */,
				1E13453628DAD5450058A97B /* HexagonParameters.swift in Sources */,
				1E13455828DD9D310058A97B /* ProfileHost.swift in Sources */,
				1E13454328DC2B8E0058A97B /* Hike.swift in Sources */,
				1E13453C28DAFC260058A97B /* RotatedBadgeSymbol.swift in Sources */,
				1E13456528E14D980058A97B /* PageView.swift in Sources */,
				1E13453A28DAFB410058A97B /* BadgeSymbol.swift in Sources */,
				1E13455E28DDA77A0058A97B /* ProfileEditor.swift in Sources */,
				1E13452E28D83BFC0058A97B /* LandmarkList.swift in Sources */,
				1E13454C28DC2D5B0058A97B /* HikeView.swift in Sources */,
				1E13453028D83F1D0058A97B /* LandmarkDetail.swift in Sources */,
				1E13456128E147050058A97B /* PageViewController.swift in Sources */,
				1E13453828DAE5220058A97B /* BadgeBackground.swift in Sources */,
				1E13455C28DD9F0A0058A97B /* HikeBadge.swift in Sources */,
				1E13451D28D81F4F0058A97B /* CircleImage.swift in Sources */,
				1E13452328D82AFB0058A97B /* Landmark.swift in Sources */,
				1E13452C28D8365C0058A97B /* LandmarkRow.swift in Sources */,
				1E13452528D82DBA0058A97B /* ModelData.swift in Sources */,
			);
			runOnlyForDeploymentPostprocessing = 0;
		};
/* End PBXSourcesBuildPhase section */

/* Begin XCBuildConfiguration section */
		1E9926C428D4453F0006218C /* Debug */ = {
			isa = XCBuildConfiguration;
			buildSettings = {
				ALWAYS_SEARCH_USER_PATHS = NO;
				CLANG_ANALYZER_NONNULL = YES;
				CLANG_ANALYZER_NUMBER_OBJECT_CONVERSION = YES_AGGRESSIVE;
				CLANG_CXX_LANGUAGE_STANDARD = "gnu++17";
				CLANG_CXX_LIBRARY = "libc++";
				CLANG_ENABLE_MODULES = YES;
				CLANG_ENABLE_OBJC_ARC = YES;
				CLANG_ENABLE_OBJC_WEAK = YES;
				CLANG_WARN_BLOCK_CAPTURE_AUTORELEASING = YES;
				CLANG_WARN_BOOL_CONVERSION = YES;
				CLANG_WARN_COMMA = YES;
				CLANG_WARN_CONSTANT_CONVERSION = YES;
				CLANG_WARN_DEPRECATED_OBJC_IMPLEMENTATIONS = YES;
				CLANG_WARN_DIRECT_OBJC_ISA_USAGE = YES_ERROR;
				CLANG_WARN_DOCUMENTATION_COMMENTS = YES;
				CLANG_WARN_EMPTY_BODY = YES;
				CLANG_WARN_ENUM_CONVERSION = YES;
				CLANG_WARN_INFINITE_RECURSION = YES;
				CLANG_WARN_INT_CONVERSION = YES;
				CLANG_WARN_NON_LITERAL_NULL_CONVERSION = YES;
				CLANG_WARN_OBJC_IMPLICIT_RETAIN_SELF = YES;
				CLANG_WARN_OBJC_LITERAL_CONVERSION = YES;
				CLANG_WARN_OBJC_ROOT_CLASS = YES_ERROR;
				CLANG_WARN_QUOTED_INCLUDE_IN_FRAMEWORK_HEADER = YES;
				CLANG_WARN_RANGE_LOOP_ANALYSIS = YES;
				CLANG_WARN_STRICT_PROTOTYPES = YES;
				CLANG_WARN_SUSPICIOUS_MOVE = YES;
				CLANG_WARN_UNGUARDED_AVAILABILITY = YES_AGGRESSIVE;
				CLANG_WARN_UNREACHABLE_CODE = YES;
				CLANG_WARN__DUPLICATE_METHOD_MATCH = YES;
				COPY_PHASE_STRIP = NO;
				DEBUG_INFORMATION_FORMAT = dwarf;
				ENABLE_STRICT_OBJC_MSGSEND = YES;
				ENABLE_TESTABILITY = YES;
				GCC_C_LANGUAGE_STANDARD = gnu11;
				GCC_DYNAMIC_NO_PIC = NO;
				GCC_NO_COMMON_BLOCKS = YES;
				GCC_OPTIMIZATION_LEVEL = 0;
				GCC_PREPROCESSOR_DEFINITIONS = (
					"DEBUG=1",
					"$(inherited)",
				);
				GCC_WARN_64_TO_32_BIT_CONVERSION = YES;
				GCC_WARN_ABOUT_RETURN_TYPE = YES_ERROR;
				GCC_WARN_UNDECLARED_SELECTOR = YES;
				GCC_WARN_UNINITIALIZED_AUTOS = YES_AGGRESSIVE;
				GCC_WARN_UNUSED_FUNCTION = YES;
				GCC_WARN_UNUSED_VARIABLE = YES;
				IPHONEOS_DEPLOYMENT_TARGET = 15.0;
				MTL_ENABLE_DEBUG_INFO = INCLUDE_SOURCE;
				MTL_FAST_MATH = YES;
				ONLY_ACTIVE_ARCH = YES;
				SDKROOT = iphoneos;
				SWIFT_ACTIVE_COMPILATION_CONDITIONS = DEBUG;
				SWIFT_OPTIMIZATION_LEVEL = "-Onone";
			};
			name = Debug;
		};
		1E9926C528D4453F0006218C /* Release */ = {
			isa = XCBuildConfiguration;
			buildSettings = {
				ALWAYS_SEARCH_USER_PATHS = NO;
				CLANG_ANALYZER_NONNULL = YES;
				CLANG_ANALYZER_NUMBER_OBJECT_CONVERSION = YES_AGGRESSIVE;
				CLANG_CXX_LANGUAGE_STANDARD = "gnu++17";
				CLANG_CXX_LIBRARY = "libc++";
				CLANG_ENABLE_MODULES = YES;
				CLANG_ENABLE_OBJC_ARC = YES;
				CLANG_ENABLE_OBJC_WEAK = YES;
				CLANG_WARN_BLOCK_CAPTURE_AUTORELEASING = YES;
				CLANG_WARN_BOOL_CONVERSION = YES;
				CLANG_WARN_COMMA = YES;
				CLANG_WARN_CONSTANT_CONVERSION = YES;
				CLANG_WARN_DEPRECATED_OBJC_IMPLEMENTATIONS = YES;
				CLANG_WARN_DIRECT_OBJC_ISA_USAGE = YES_ERROR;
				CLANG_WARN_DOCUMENTATION_COMMENTS = YES;
				CLANG_WARN_EMPTY_BODY = YES;
				CLANG_WARN_ENUM_CONVERSION = YES;
				CLANG_WARN_INFINITE_RECURSION = YES;
				CLANG_WARN_INT_CONVERSION = YES;
				CLANG_WARN_NON_LITERAL_NULL_CONVERSION = YES;
				CLANG_WARN_OBJC_IMPLICIT_RETAIN_SELF = YES;
				CLANG_WARN_OBJC_LITERAL_CONVERSION = YES;
				CLANG_WARN_OBJC_ROOT_CLASS = YES_ERROR;
				CLANG_WARN_QUOTED_INCLUDE_IN_FRAMEWORK_HEADER = YES;
				CLANG_WARN_RANGE_LOOP_ANALYSIS = YES;
				CLANG_WARN_STRICT_PROTOTYPES = YES;
				CLANG_WARN_SUSPICIOUS_MOVE = YES;
				CLANG_WARN_UNGUARDED_AVAILABILITY = YES_AGGRESSIVE;
				CLANG_WARN_UNREACHABLE_CODE = YES;
				CLANG_WARN__DUPLICATE_METHOD_MATCH = YES;
				COPY_PHASE_STRIP = NO;
				DEBUG_INFORMATION_FORMAT = "dwarf-with-dsym";
				ENABLE_NS_ASSERTIONS = NO;
				ENABLE_STRICT_OBJC_MSGSEND = YES;
				GCC_C_LANGUAGE_STANDARD = gnu11;
				GCC_NO_COMMON_BLOCKS = YES;
				GCC_WARN_64_TO_32_BIT_CONVERSION = YES;
				GCC_WARN_ABOUT_RETURN_TYPE = YES_ERROR;
				GCC_WARN_UNDECLARED_SELECTOR = YES;
				GCC_WARN_UNINITIALIZED_AUTOS = YES_AGGRESSIVE;
				GCC_WARN_UNUSED_FUNCTION = YES;
				GCC_WARN_UNUSED_VARIABLE = YES;
				IPHONEOS_DEPLOYMENT_TARGET = 15.0;
				MTL_ENABLE_DEBUG_INFO = NO;
				MTL_FAST_MATH = YES;
				SDKROOT = iphoneos;
				SWIFT_COMPILATION_MODE = wholemodule;
				SWIFT_OPTIMIZATION_LEVEL = "-O";
				VALIDATE_PRODUCT = YES;
			};
			name = Release;
		};
		1E9926C728D4453F0006218C /* Debug */ = {
			isa = XCBuildConfiguration;
			buildSettings = {
				ASSETCATALOG_COMPILER_APPICON_NAME = AppIcon;
				ASSETCATALOG_COMPILER_GLOBAL_ACCENT_COLOR_NAME = AccentColor;
				CODE_SIGN_STYLE = Automatic;
				CURRENT_PROJECT_VERSION = 1;
				DEVELOPMENT_ASSET_PATHS = "\"SwiftUITutorials/Preview Content\"";
				DEVELOPMENT_TEAM = 3229MQALFH;
				ENABLE_PREVIEWS = YES;
				GENERATE_INFOPLIST_FILE = YES;
				INFOPLIST_KEY_UIApplicationSceneManifest_Generation = YES;
				INFOPLIST_KEY_UIApplicationSupportsIndirectInputEvents = YES;
				INFOPLIST_KEY_UILaunchScreen_Generation = YES;
				INFOPLIST_KEY_UISupportedInterfaceOrientations_iPad = "UIInterfaceOrientationPortrait UIInterfaceOrientationPortraitUpsideDown UIInterfaceOrientationLandscapeLeft UIInterfaceOrientationLandscapeRight";
				INFOPLIST_KEY_UISupportedInterfaceOrientations_iPhone = "UIInterfaceOrientationPortrait UIInterfaceOrientationLandscapeLeft UIInterfaceOrientationLandscapeRight";
				IPHONEOS_DEPLOYMENT_TARGET = 15.0;
				LD_RUNPATH_SEARCH_PATHS = (
					"$(inherited)",
					"@executable_path/Frameworks",
				);
				MARKETING_VERSION = 1.0;
				PRODUCT_BUNDLE_IDENTIFIER = com.JJuKyungs.SwiftUITutorials;
				PRODUCT_NAME = "$(TARGET_NAME)";
				SWIFT_EMIT_LOC_STRINGS = YES;
				SWIFT_VERSION = 5.0;
				TARGETED_DEVICE_FAMILY = "1,2";
			};
			name = Debug;
		};
		1E9926C828D4453F0006218C /* Release */ = {
			isa = XCBuildConfiguration;
			buildSettings = {
				ASSETCATALOG_COMPILER_APPICON_NAME = AppIcon;
				ASSETCATALOG_COMPILER_GLOBAL_ACCENT_COLOR_NAME = AccentColor;
				CODE_SIGN_STYLE = Automatic;
				CURRENT_PROJECT_VERSION = 1;
				DEVELOPMENT_ASSET_PATHS = "\"SwiftUITutorials/Preview Content\"";
				DEVELOPMENT_TEAM = 3229MQALFH;
				ENABLE_PREVIEWS = YES;
				GENERATE_INFOPLIST_FILE = YES;
				INFOPLIST_KEY_UIApplicationSceneManifest_Generation = YES;
				INFOPLIST_KEY_UIApplicationSupportsIndirectInputEvents = YES;
				INFOPLIST_KEY_UILaunchScreen_Generation = YES;
				INFOPLIST_KEY_UISupportedInterfaceOrientations_iPad = "UIInterfaceOrientationPortrait UIInterfaceOrientationPortraitUpsideDown UIInterfaceOrientationLandscapeLeft UIInterfaceOrientationLandscapeRight";
				INFOPLIST_KEY_UISupportedInterfaceOrientations_iPhone = "UIInterfaceOrientationPortrait UIInterfaceOrientationLandscapeLeft UIInterfaceOrientationLandscapeRight";
				IPHONEOS_DEPLOYMENT_TARGET = 15.0;
				LD_RUNPATH_SEARCH_PATHS = (
					"$(inherited)",
					"@executable_path/Frameworks",
				);
				MARKETING_VERSION = 1.0;
				PRODUCT_BUNDLE_IDENTIFIER = com.JJuKyungs.SwiftUITutorials;
				PRODUCT_NAME = "$(TARGET_NAME)";
				SWIFT_EMIT_LOC_STRINGS = YES;
				SWIFT_VERSION = 5.0;
				TARGETED_DEVICE_FAMILY = "1,2";
			};
			name = Release;
		};
/* End XCBuildConfiguration section */

/* Begin XCConfigurationList section */
		1E9926B328D4453D0006218C /* Build configuration list for PBXProject "SwiftUITutorials" */ = {
			isa = XCConfigurationList;
			buildConfigurations = (
				1E9926C428D4453F0006218C /* Debug */,
				1E9926C528D4453F0006218C /* Release */,
			);
			defaultConfigurationIsVisible = 0;
			defaultConfigurationName = Release;
		};
		1E9926C628D4453F0006218C /* Build configuration list for PBXNativeTarget "SwiftUITutorials" */ = {
			isa = XCConfigurationList;
			buildConfigurations = (
				1E9926C728D4453F0006218C /* Debug */,
				1E9926C828D4453F0006218C /* Release */,
			);
			defaultConfigurationIsVisible = 0;
			defaultConfigurationName = Release;
		};
/* End XCConfigurationList section */
	};
	rootObject = 1E9926B028D4453D0006218C /* Project object */;
}
